
Microsoft Visual Studio Solution File, Format Version 12.00
# Visual Studio Version 17
VisualStudioVersion = 17.5.33424.131
MinimumVisualStudioVersion = 10.0.40219.1
Project("{FAE04EC0-301F-11D3-BF4B-00C04F79EFBC}") = "new_doctors", "new_doctors\new_doctors.csproj", "{A4EB0C77-EAEE-4D33-8514-A6657047C864}"
EndProject
Global
	GlobalSection(SolutionConfigurationPlatforms) = preSolution
		Debug|Any CPU = Debug|Any CPU
		Release|Any CPU = Release|Any CPU
	EndGlobalSection
	GlobalSection(ProjectConfigurationPlatforms) = postSolution
		{A4EB0C77-EAEE-4D33-8514-A6657047C864}.Debug|Any CPU.ActiveCfg = Debug|Any CPU
		{A4EB0C77-EAEE-4D33-8514-A6657047C864}.Debug|Any CPU.Build.0 = Debug|Any CPU
		{A4EB0C77-EAEE-4D33-8514-A6657047C864}.Release|Any CPU.ActiveCfg = Release|Any CPU
		{A4EB0C77-EAEE-4D33-8514-A6657047C864}.Release|Any CPU.Build.0 = Release|Any CPU
	EndGlobalSection
	GlobalSection(SolutionProperties) = preSolution
		HideSolutionNode = FALSE
	EndGlobalSection
	GlobalSection(ExtensibilityGlobals) = postSolution
		SolutionGuid = {73D74946-5CAF-42B7-ABD9-49C3B73D7479}
	EndGlobalSection
EndGlobal
